// !$*UTF8*$!
{
	archiveVersion = 1;
	classes = {
	};
	objectVersion = 48;
	objects = {

/* Begin PBXBuildFile section */
		4F06E4C920C0288C000313D8 /* SupportedViewController.swift in Sources */ = {isa = PBXBuildFile; fileRef = 4F06E4C820C0288C000313D8 /* SupportedViewController.swift */; };
		4F38331C20C01C430003B195 /* AboutViewController.swift in Sources */ = {isa = PBXBuildFile; fileRef = 4F38331B20C01C430003B195 /* AboutViewController.swift */; };
		4F722CCD20BB1D0F00FB360F /* AppDelegate.swift in Sources */ = {isa = PBXBuildFile; fileRef = 4F722CCC20BB1D0F00FB360F /* AppDelegate.swift */; };
		4F722CD120BB1D0F00FB360F /* Assets.xcassets in Resources */ = {isa = PBXBuildFile; fileRef = 4F722CD020BB1D0F00FB360F /* Assets.xcassets */; };
		4F722CD420BB1D1000FB360F /* Main.storyboard in Resources */ = {isa = PBXBuildFile; fileRef = 4F722CD220BB1D1000FB360F /* Main.storyboard */; };
		4F722CDD20BB228300FB360F /* TorController.swift in Sources */ = {isa = PBXBuildFile; fileRef = 4F722CDC20BB228300FB360F /* TorController.swift */; };
		4F9BE43720BF0A7C0090922D /* SwitchViewController.swift in Sources */ = {isa = PBXBuildFile; fileRef = 4F9BE43620BF0A7C0090922D /* SwitchViewController.swift */; };
		4FF702C720BF198C007C4407 /* PrepareViewController.swift in Sources */ = {isa = PBXBuildFile; fileRef = 4FF702C620BF198C007C4407 /* PrepareViewController.swift */; };
/* End PBXBuildFile section */

/* Begin PBXFileReference section */
		4F06E4C820C0288C000313D8 /* SupportedViewController.swift */ = {isa = PBXFileReference; lastKnownFileType = sourcecode.swift; path = SupportedViewController.swift; sourceTree = "<group>"; };
		4F38331B20C01C430003B195 /* AboutViewController.swift */ = {isa = PBXFileReference; lastKnownFileType = sourcecode.swift; path = AboutViewController.swift; sourceTree = "<group>"; };
		4F722CC920BB1D0F00FB360F /* easyTor.app */ = {isa = PBXFileReference; explicitFileType = wrapper.application; includeInIndex = 0; path = easyTor.app; sourceTree = BUILT_PRODUCTS_DIR; };
		4F722CCC20BB1D0F00FB360F /* AppDelegate.swift */ = {isa = PBXFileReference; lastKnownFileType = sourcecode.swift; path = AppDelegate.swift; sourceTree = "<group>"; };
		4F722CD020BB1D0F00FB360F /* Assets.xcassets */ = {isa = PBXFileReference; lastKnownFileType = folder.assetcatalog; path = Assets.xcassets; sourceTree = "<group>"; };
		4F722CD320BB1D1000FB360F /* Base */ = {isa = PBXFileReference; lastKnownFileType = file.storyboard; name = Base; path = Base.lproj/Main.storyboard; sourceTree = "<group>"; };
		4F722CD520BB1D1000FB360F /* Info.plist */ = {isa = PBXFileReference; lastKnownFileType = text.plist.xml; path = Info.plist; sourceTree = "<group>"; };
		4F722CD620BB1D1000FB360F /* easyTor.entitlements */ = {isa = PBXFileReference; lastKnownFileType = text.plist.entitlements; path = easyTor.entitlements; sourceTree = "<group>"; };
		4F722CDC20BB228300FB360F /* TorController.swift */ = {isa = PBXFileReference; lastKnownFileType = sourcecode.swift; path = TorController.swift; sourceTree = "<group>"; };
		4F9BE43620BF0A7C0090922D /* SwitchViewController.swift */ = {isa = PBXFileReference; lastKnownFileType = sourcecode.swift; path = SwitchViewController.swift; sourceTree = "<group>"; };
		4FF702C620BF198C007C4407 /* PrepareViewController.swift */ = {isa = PBXFileReference; lastKnownFileType = sourcecode.swift; path = PrepareViewController.swift; sourceTree = "<group>"; };
/* End PBXFileReference section */

/* Begin PBXFrameworksBuildPhase section */
		4F722CC620BB1D0F00FB360F /* Frameworks */ = {
			isa = PBXFrameworksBuildPhase;
			buildActionMask = 2147483647;
			files = (
			);
			runOnlyForDeploymentPostprocessing = 0;
		};
/* End PBXFrameworksBuildPhase section */

/* Begin PBXGroup section */
		4F722CC020BB1D0F00FB360F = {
			isa = PBXGroup;
			children = (
				4F722CCB20BB1D0F00FB360F /* easyTor */,
				4F722CCA20BB1D0F00FB360F /* Products */,
			);
			sourceTree = "<group>";
		};
		4F722CCA20BB1D0F00FB360F /* Products */ = {
			isa = PBXGroup;
			children = (
				4F722CC920BB1D0F00FB360F /* easyTor.app */,
			);
			name = Products;
			sourceTree = "<group>";
		};
		4F722CCB20BB1D0F00FB360F /* easyTor */ = {
			isa = PBXGroup;
			children = (
				4F722CCC20BB1D0F00FB360F /* AppDelegate.swift */,
				4F38331B20C01C430003B195 /* AboutViewController.swift */,
				4FF702C620BF198C007C4407 /* PrepareViewController.swift */,
				4F9BE43620BF0A7C0090922D /* SwitchViewController.swift */,
				4F06E4C820C0288C000313D8 /* SupportedViewController.swift */,
				4F722CDC20BB228300FB360F /* TorController.swift */,
				4F722CD020BB1D0F00FB360F /* Assets.xcassets */,
				4F722CD220BB1D1000FB360F /* Main.storyboard */,
				4F722CD520BB1D1000FB360F /* Info.plist */,
				4F722CD620BB1D1000FB360F /* easyTor.entitlements */,
			);
			path = easyTor;
			sourceTree = "<group>";
		};
/* End PBXGroup section */

/* Begin PBXNativeTarget section */
		4F722CC820BB1D0F00FB360F /* easyTor */ = {
			isa = PBXNativeTarget;
			buildConfigurationList = 4F722CD920BB1D1000FB360F /* Build configuration list for PBXNativeTarget "easyTor" */;
			buildPhases = (
				4F722CC520BB1D0F00FB360F /* Sources */,
				4F722CC620BB1D0F00FB360F /* Frameworks */,
				4F722CC720BB1D0F00FB360F /* Resources */,
			);
			buildRules = (
			);
			dependencies = (
			);
			name = easyTor;
			productName = easyTor;
			productReference = 4F722CC920BB1D0F00FB360F /* easyTor.app */;
			productType = "com.apple.product-type.application";
		};
/* End PBXNativeTarget section */

/* Begin PBXProject section */
		4F722CC120BB1D0F00FB360F /* Project object */ = {
			isa = PBXProject;
			attributes = {
				LastSwiftUpdateCheck = 0910;
				LastUpgradeCheck = 0910;
				ORGANIZATIONNAME = "Ivan Chistyakov";
				TargetAttributes = {
					4F722CC820BB1D0F00FB360F = {
						CreatedOnToolsVersion = 9.1;
						ProvisioningStyle = Automatic;
						SystemCapabilities = {
							com.apple.Sandbox = {
								enabled = 0;
							};
						};
					};
				};
			};
			buildConfigurationList = 4F722CC420BB1D0F00FB360F /* Build configuration list for PBXProject "easyTor" */;
			compatibilityVersion = "Xcode 8.0";
			developmentRegion = en;
			hasScannedForEncodings = 0;
			knownRegions = (
				en,
				Base,
			);
			mainGroup = 4F722CC020BB1D0F00FB360F;
			productRefGroup = 4F722CCA20BB1D0F00FB360F /* Products */;
			projectDirPath = "";
			projectRoot = "";
			targets = (
				4F722CC820BB1D0F00FB360F /* easyTor */,
			);
		};
/* End PBXProject section */

/* Begin PBXResourcesBuildPhase section */
		4F722CC720BB1D0F00FB360F /* Resources */ = {
			isa = PBXResourcesBuildPhase;
			buildActionMask = 2147483647;
			files = (
				4F722CD120BB1D0F00FB360F /* Assets.xcassets in Resources */,
				4F722CD420BB1D1000FB360F /* Main.storyboard in Resources */,
			);
			runOnlyForDeploymentPostprocessing = 0;
		};
/* End PBXResourcesBuildPhase section */

/* Begin PBXSourcesBuildPhase section */
		4F722CC520BB1D0F00FB360F /* Sources */ = {
			isa = PBXSourcesBuildPhase;
			buildActionMask = 2147483647;
			files = (
				4F722CDD20BB228300FB360F /* TorController.swift in Sources */,
				4FF702C720BF198C007C4407 /* PrepareViewController.swift in Sources */,
				4F9BE43720BF0A7C0090922D /* SwitchViewController.swift in Sources */,
				4F06E4C920C0288C000313D8 /* SupportedViewController.swift in Sources */,
				4F38331C20C01C430003B195 /* AboutViewController.swift in Sources */,
				4F722CCD20BB1D0F00FB360F /* AppDelegate.swift in Sources */,
			);
			runOnlyForDeploymentPostprocessing = 0;
		};
/* End PBXSourcesBuildPhase section */

/* Begin PBXVariantGroup section */
		4F722CD220BB1D1000FB360F /* Main.storyboard */ = {
			isa = PBXVariantGroup;
			children = (
				4F722CD320BB1D1000FB360F /* Base */,
			);
			name = Main.storyboard;
			sourceTree = "<group>";
		};
/* End PBXVariantGroup section */

/* Begin XCBuildConfiguration section */
		4F722CD720BB1D1000FB360F /* Debug */ = {
			isa = XCBuildConfiguration;
			buildSettings = {
				ALWAYS_SEARCH_USER_PATHS = NO;
				CLANG_ANALYZER_NONNULL = YES;
				CLANG_ANALYZER_NUMBER_OBJECT_CONVERSION = YES_AGGRESSIVE;
				CLANG_CXX_LANGUAGE_STANDARD = "gnu++14";
				CLANG_CXX_LIBRARY = "libc++";
				CLANG_ENABLE_MODULES = YES;
				CLANG_ENABLE_OBJC_ARC = YES;
				CLANG_WARN_BLOCK_CAPTURE_AUTORELEASING = YES;
				CLANG_WARN_BOOL_CONVERSION = YES;
				CLANG_WARN_COMMA = YES;
				CLANG_WARN_CONSTANT_CONVERSION = YES;
				CLANG_WARN_DIRECT_OBJC_ISA_USAGE = YES_ERROR;
				CLANG_WARN_DOCUMENTATION_COMMENTS = YES;
				CLANG_WARN_EMPTY_BODY = YES;
				CLANG_WARN_ENUM_CONVERSION = YES;
				CLANG_WARN_INFINITE_RECURSION = YES;
				CLANG_WARN_INT_CONVERSION = YES;
				CLANG_WARN_NON_LITERAL_NULL_CONVERSION = YES;
				CLANG_WARN_OBJC_LITERAL_CONVERSION = YES;
				CLANG_WARN_OBJC_ROOT_CLASS = YES_ERROR;
				CLANG_WARN_RANGE_LOOP_ANALYSIS = YES;
				CLANG_WARN_STRICT_PROTOTYPES = YES;
				CLANG_WARN_SUSPICIOUS_MOVE = YES;
				CLANG_WARN_UNGUARDED_AVAILABILITY = YES_AGGRESSIVE;
				CLANG_WARN_UNREACHABLE_CODE = YES;
				CLANG_WARN__DUPLICATE_METHOD_MATCH = YES;
				CODE_SIGN_IDENTITY = "-";
				COPY_PHASE_STRIP = NO;
				DEBUG_INFORMATION_FORMAT = dwarf;
				ENABLE_STRICT_OBJC_MSGSEND = YES;
				ENABLE_TESTABILITY = YES;
				GCC_C_LANGUAGE_STANDARD = gnu11;
				GCC_DYNAMIC_NO_PIC = NO;
				GCC_NO_COMMON_BLOCKS = YES;
				GCC_OPTIMIZATION_LEVEL = 0;
				GCC_PREPROCESSOR_DEFINITIONS = (
					"DEBUG=1",
					"$(inherited)",
				);
				GCC_WARN_64_TO_32_BIT_CONVERSION = YES;
				GCC_WARN_ABOUT_RETURN_TYPE = YES_ERROR;
				GCC_WARN_UNDECLARED_SELECTOR = YES;
				GCC_WARN_UNINITIALIZED_AUTOS = YES_AGGRESSIVE;
				GCC_WARN_UNUSED_FUNCTION = YES;
				GCC_WARN_UNUSED_VARIABLE = YES;
				MACOSX_DEPLOYMENT_TARGET = 10.12;
				MTL_ENABLE_DEBUG_INFO = YES;
				ONLY_ACTIVE_ARCH = YES;
				SDKROOT = macosx;
				SWIFT_ACTIVE_COMPILATION_CONDITIONS = DEBUG;
				SWIFT_OPTIMIZATION_LEVEL = "-Onone";
			};
			name = Debug;
		};
		4F722CD820BB1D1000FB360F /* Release */ = {
			isa = XCBuildConfiguration;
			buildSettings = {
				ALWAYS_SEARCH_USER_PATHS = NO;
				CLANG_ANALYZER_NONNULL = YES;
				CLANG_ANALYZER_NUMBER_OBJECT_CONVERSION = YES_AGGRESSIVE;
				CLANG_CXX_LANGUAGE_STANDARD = "gnu++14";
				CLANG_CXX_LIBRARY = "libc++";
				CLANG_ENABLE_MODULES = YES;
				CLANG_ENABLE_OBJC_ARC = YES;
				CLANG_WARN_BLOCK_CAPTURE_AUTORELEASING = YES;
				CLANG_WARN_BOOL_CONVERSION = YES;
				CLANG_WARN_COMMA = YES;
				CLANG_WARN_CONSTANT_CONVERSION = YES;
				CLANG_WARN_DIRECT_OBJC_ISA_USAGE = YES_ERROR;
				CLANG_WARN_DOCUMENTATION_COMMENTS = YES;
				CLANG_WARN_EMPTY_BODY = YES;
				CLANG_WARN_ENUM_CONVERSION = YES;
				CLANG_WARN_INFINITE_RECURSION = YES;
				CLANG_WARN_INT_CONVERSION = YES;
				CLANG_WARN_NON_LITERAL_NULL_CONVERSION = YES;
				CLANG_WARN_OBJC_LITERAL_CONVERSION = YES;
				CLANG_WARN_OBJC_ROOT_CLASS = YES_ERROR;
				CLANG_WARN_RANGE_LOOP_ANALYSIS = YES;
				CLANG_WARN_STRICT_PROTOTYPES = YES;
				CLANG_WARN_SUSPICIOUS_MOVE = YES;
				CLANG_WARN_UNGUARDED_AVAILABILITY = YES_AGGRESSIVE;
				CLANG_WARN_UNREACHABLE_CODE = YES;
				CLANG_WARN__DUPLICATE_METHOD_MATCH = YES;
				CODE_SIGN_IDENTITY = "-";
				COPY_PHASE_STRIP = NO;
				DEBUG_INFORMATION_FORMAT = "dwarf-with-dsym";
				ENABLE_NS_ASSERTIONS = NO;
				ENABLE_STRICT_OBJC_MSGSEND = YES;
				GCC_C_LANGUAGE_STANDARD = gnu11;
				GCC_NO_COMMON_BLOCKS = YES;
				GCC_WARN_64_TO_32_BIT_CONVERSION = YES;
				GCC_WARN_ABOUT_RETURN_TYPE = YES_ERROR;
				GCC_WARN_UNDECLARED_SELECTOR = YES;
				GCC_WARN_UNINITIALIZED_AUTOS = YES_AGGRESSIVE;
				GCC_WARN_UNUSED_FUNCTION = YES;
				GCC_WARN_UNUSED_VARIABLE = YES;
				MACOSX_DEPLOYMENT_TARGET = 10.12;
				MTL_ENABLE_DEBUG_INFO = NO;
				SDKROOT = macosx;
				SWIFT_OPTIMIZATION_LEVEL = "-Owholemodule";
			};
			name = Release;
		};
		4F722CDA20BB1D1000FB360F /* Debug */ = {
			isa = XCBuildConfiguration;
			buildSettings = {
				ASSETCATALOG_COMPILER_APPICON_NAME = AppIcon;
				CODE_SIGN_STYLE = Automatic;
				COMBINE_HIDPI_IMAGES = YES;
				INFOPLIST_FILE = easyTor/Info.plist;
				LD_RUNPATH_SEARCH_PATHS = "$(inherited) @executable_path/../Frameworks";
				MACOSX_DEPLOYMENT_TARGET = 10.10;
				PRODUCT_BUNDLE_IDENTIFIER = IvanChistyakov.easyTor;
				PRODUCT_NAME = "$(TARGET_NAME)";
				SWIFT_VERSION = 4.0;
			};
			name = Debug;
		};
		4F722CDB20BB1D1000FB360F /* Release */ = {
			isa = XCBuildConfiguration;
			buildSettings = {
				ASSETCATALOG_COMPILER_APPICON_NAME = AppIcon;
				CODE_SIGN_STYLE = Automatic;
				COMBINE_HIDPI_IMAGES = YES;
				INFOPLIST_FILE = easyTor/Info.plist;
				LD_RUNPATH_SEARCH_PATHS = "$(inherited) @executable_path/../Frameworks";
				MACOSX_DEPLOYMENT_TARGET = 10.10;
				PRODUCT_BUNDLE_IDENTIFIER = IvanChistyakov.easyTor;
				PRODUCT_NAME = "$(TARGET_NAME)";
				SWIFT_VERSION = 4.0;
			};
			name = Release;
		};
/* End XCBuildConfiguration section */

/* Begin XCConfigurationList section */
		4F722CC420BB1D0F00FB360F /* Build configuration list for PBXProject "easyTor" */ = {
			isa = XCConfigurationList;
			buildConfigurations = (
				4F722CD720BB1D1000FB360F /* Debug */,
				4F722CD820BB1D1000FB360F /* Release */,
			);
			defaultConfigurationIsVisible = 0;
			defaultConfigurationName = Release;
		};
		4F722CD920BB1D1000FB360F /* Build configuration list for PBXNativeTarget "easyTor" */ = {
			isa = XCConfigurationList;
			buildConfigurations = (
				4F722CDA20BB1D1000FB360F /* Debug */,
				4F722CDB20BB1D1000FB360F /* Release */,
			);
			defaultConfigurationIsVisible = 0;
			defaultConfigurationName = Release;
		};
/* End XCConfigurationList section */
	};
	rootObject = 4F722CC120BB1D0F00FB360F /* Project object */;
}
